// !$*UTF8*$!
{
	archiveVersion = 1;
	classes = {
	};
	objectVersion = 46;
	objects = {

/* Begin PBXBuildFile section */
		9051F6BA18F9A5A200425EEE /* server.cpp in Sources */ = {isa = PBXBuildFile; fileRef = 9051F6B418F9A51300425EEE /* server.cpp */; };
		9051F6BB18F9A5A400425EEE /* socket.cpp in Sources */ = {isa = PBXBuildFile; fileRef = 9051F6B618F9A51300425EEE /* socket.cpp */; };
		9051F6BC18F9A5BB00425EEE /* http_parser.c in Sources */ = {isa = PBXBuildFile; fileRef = 9051F6A718F9A51300425EEE /* http_parser.c */; };
		9051F6BD18F9A5BB00425EEE /* incoming_message.cpp in Sources */ = {isa = PBXBuildFile; fileRef = 9051F6AE18F9A51300425EEE /* incoming_message.cpp */; };
		9051F6BE18F9A5BB00425EEE /* server.cpp in Sources */ = {isa = PBXBuildFile; fileRef = 9051F6B018F9A51300425EEE /* server.cpp */; };
		9051F6BF18F9A5BB00425EEE /* main.cpp in Sources */ = {isa = PBXBuildFile; fileRef = 9051F6B218F9A51300425EEE /* main.cpp */; };
/* End PBXBuildFile section */

/* Begin PBXCopyFilesBuildPhase section */
		900E63B018F9A4D90008424E /* CopyFiles */ = {
			isa = PBXCopyFilesBuildPhase;
			buildActionMask = 2147483647;
			dstPath = /usr/share/man/man1/;
			dstSubfolderSpec = 0;
			files = (
			);
			runOnlyForDeploymentPostprocessing = 1;
		};
/* End PBXCopyFilesBuildPhase section */

/* Begin PBXFileReference section */
		9039913B18F9B4E400449191 /* incoming_message.h */ = {isa = PBXFileReference; lastKnownFileType = sourcecode.c.h; path = incoming_message.h; sourceTree = "<group>"; };
		9039913C18F9B4E400449191 /* server.h */ = {isa = PBXFileReference; lastKnownFileType = sourcecode.c.h; path = server.h; sourceTree = "<group>"; };
		9039913E18F9B4E400449191 /* server.h */ = {isa = PBXFileReference; lastKnownFileType = sourcecode.c.h; path = server.h; sourceTree = "<group>"; };
		9039913F18F9B4E400449191 /* socket.h */ = {isa = PBXFileReference; lastKnownFileType = sourcecode.c.h; path = socket.h; sourceTree = "<group>"; };
		9039914018F9B4E400449191 /* node.h */ = {isa = PBXFileReference; lastKnownFileType = sourcecode.c.h; path = node.h; sourceTree = "<group>"; };
		9039914318F9C13300449191 /* event_emitter.h */ = {isa = PBXFileReference; lastKnownFileType = sourcecode.c.h; path = event_emitter.h; sourceTree = "<group>"; };
		9039914718F9C2B700449191 /* event_emitter.cpp */ = {isa = PBXFileReference; lastKnownFileType = sourcecode.cpp.cpp; path = event_emitter.cpp; sourceTree = "<group>"; };
		9051F69F18F9A51300425EEE /* .gitignore */ = {isa = PBXFileReference; lastKnownFileType = text; path = .gitignore; sourceTree = "<group>"; };
		9051F6A018F9A51300425EEE /* .mailmap */ = {isa = PBXFileReference; lastKnownFileType = text; path = .mailmap; sourceTree = "<group>"; };
		9051F6A118F9A51300425EEE /* .travis.yml */ = {isa = PBXFileReference; lastKnownFileType = text; path = .travis.yml; sourceTree = "<group>"; };
		9051F6A218F9A51300425EEE /* AUTHORS */ = {isa = PBXFileReference; lastKnownFileType = text; path = AUTHORS; sourceTree = "<group>"; };
		9051F6A418F9A51300425EEE /* parsertrace.c */ = {isa = PBXFileReference; lastKnownFileType = sourcecode.c.c; path = parsertrace.c; sourceTree = "<group>"; };
		9051F6A518F9A51300425EEE /* url_parser.c */ = {isa = PBXFileReference; lastKnownFileType = sourcecode.c.c; path = url_parser.c; sourceTree = "<group>"; };
		9051F6A618F9A51300425EEE /* CONTRIBUTIONS */ = {isa = PBXFileReference; lastKnownFileType = text; path = CONTRIBUTIONS; sourceTree = "<group>"; };
		9051F6A718F9A51300425EEE /* http_parser.c */ = {isa = PBXFileReference; lastKnownFileType = sourcecode.c.c; path = http_parser.c; sourceTree = "<group>"; };
		9051F6A818F9A51300425EEE /* http_parser.gyp */ = {isa = PBXFileReference; lastKnownFileType = text; path = http_parser.gyp; sourceTree = "<group>"; };
		9051F6A918F9A51300425EEE /* http_parser.h */ = {isa = PBXFileReference; lastKnownFileType = sourcecode.c.h; path = http_parser.h; sourceTree = "<group>"; };
		9051F6AA18F9A51300425EEE /* LICENSE-MIT */ = {isa = PBXFileReference; lastKnownFileType = text; path = "LICENSE-MIT"; sourceTree = "<group>"; };
		9051F6AB18F9A51300425EEE /* Makefile */ = {isa = PBXFileReference; lastKnownFileType = sourcecode.make; path = Makefile; sourceTree = "<group>"; };
		9051F6AC18F9A51300425EEE /* README.md */ = {isa = PBXFileReference; lastKnownFileType = text; path = README.md; sourceTree = "<group>"; };
		9051F6AD18F9A51300425EEE /* test.c */ = {isa = PBXFileReference; lastKnownFileType = sourcecode.c.c; path = test.c; sourceTree = "<group>"; };
		9051F6AE18F9A51300425EEE /* incoming_message.cpp */ = {isa = PBXFileReference; lastKnownFileType = sourcecode.cpp.cpp; path = incoming_message.cpp; sourceTree = "<group>"; };
		9051F6B018F9A51300425EEE /* server.cpp */ = {isa = PBXFileReference; lastKnownFileType = sourcecode.cpp.cpp; path = server.cpp; sourceTree = "<group>"; };
		9051F6B218F9A51300425EEE /* main.cpp */ = {isa = PBXFileReference; lastKnownFileType = sourcecode.cpp.cpp; path = main.cpp; sourceTree = "<group>"; };
		9051F6B418F9A51300425EEE /* server.cpp */ = {isa = PBXFileReference; lastKnownFileType = sourcecode.cpp.cpp; path = server.cpp; sourceTree = "<group>"; };
		9051F6B618F9A51300425EEE /* socket.cpp */ = {isa = PBXFileReference; lastKnownFileType = sourcecode.cpp.cpp; path = socket.cpp; sourceTree = "<group>"; };
		90635C2C18F9A98100483985 /* libnodecc */ = {isa = PBXFileReference; explicitFileType = "compiled.mach-o.executable"; includeInIndex = 0; path = "libnodecc"; sourceTree = BUILT_PRODUCTS_DIR; };
/* End PBXFileReference section */

/* Begin PBXFrameworksBuildPhase section */
		900E63AF18F9A4D90008424E /* Frameworks */ = {
			isa = PBXFrameworksBuildPhase;
			buildActionMask = 2147483647;
			files = (
			);
			runOnlyForDeploymentPostprocessing = 0;
		};
/* End PBXFrameworksBuildPhase section */

/* Begin PBXGroup section */
		900E63A918F9A4D90008424E = {
			isa = PBXGroup;
			children = (
				9051F6B818F9A51F00425EEE /* include */,
				9051F69C18F9A51300425EEE /* src */,
				90635C2D18F9B14100483985 /* Products */,
			);
			sourceTree = "<group>";
		};
		9039913A18F9B4E400449191 /* http */ = {
			isa = PBXGroup;
			children = (
				9039913B18F9B4E400449191 /* incoming_message.h */,
				9039913C18F9B4E400449191 /* server.h */,
			);
			path = http;
			sourceTree = "<group>";
		};
		9039913D18F9B4E400449191 /* net */ = {
			isa = PBXGroup;
			children = (
				9039913E18F9B4E400449191 /* server.h */,
				9039913F18F9B4E400449191 /* socket.h */,
			);
			path = net;
			sourceTree = "<group>";
		};
		9039914218F9C12800449191 /* events */ = {
			isa = PBXGroup;
			children = (
				9039914318F9C13300449191 /* event_emitter.h */,
			);
			path = events;
			sourceTree = "<group>";
		};
		9039914618F9C2B700449191 /* events */ = {
			isa = PBXGroup;
			children = (
				9039914718F9C2B700449191 /* event_emitter.cpp */,
			);
			path = events;
			sourceTree = "<group>";
		};
		9051F69C18F9A51300425EEE /* src */ = {
			isa = PBXGroup;
			children = (
				9039914618F9C2B700449191 /* events */,
				9051F69D18F9A51300425EEE /* http */,
				9051F6B318F9A51300425EEE /* net */,
				9051F6B218F9A51300425EEE /* main.cpp */,
			);
			path = src;
			sourceTree = "<group>";
		};
		9051F69D18F9A51300425EEE /* http */ = {
			isa = PBXGroup;
			children = (
				9051F69E18F9A51300425EEE /* http-parser */,
				9051F6AE18F9A51300425EEE /* incoming_message.cpp */,
				9051F6B018F9A51300425EEE /* server.cpp */,
			);
			path = http;
			sourceTree = "<group>";
		};
		9051F69E18F9A51300425EEE /* http-parser */ = {
			isa = PBXGroup;
			children = (
				9051F69F18F9A51300425EEE /* .gitignore */,
				9051F6A018F9A51300425EEE /* .mailmap */,
				9051F6A118F9A51300425EEE /* .travis.yml */,
				9051F6A218F9A51300425EEE /* AUTHORS */,
				9051F6A318F9A51300425EEE /* contrib */,
				9051F6A618F9A51300425EEE /* CONTRIBUTIONS */,
				9051F6A718F9A51300425EEE /* http_parser.c */,
				9051F6A818F9A51300425EEE /* http_parser.gyp */,
				9051F6A918F9A51300425EEE /* http_parser.h */,
				9051F6AA18F9A51300425EEE /* LICENSE-MIT */,
				9051F6AB18F9A51300425EEE /* Makefile */,
				9051F6AC18F9A51300425EEE /* README.md */,
				9051F6AD18F9A51300425EEE /* test.c */,
			);
			path = "http-parser";
			sourceTree = "<group>";
		};
		9051F6A318F9A51300425EEE /* contrib */ = {
			isa = PBXGroup;
			children = (
				9051F6A418F9A51300425EEE /* parsertrace.c */,
				9051F6A518F9A51300425EEE /* url_parser.c */,
			);
			path = contrib;
			sourceTree = "<group>";
		};
		9051F6B318F9A51300425EEE /* net */ = {
			isa = PBXGroup;
			children = (
				9051F6B418F9A51300425EEE /* server.cpp */,
				9051F6B618F9A51300425EEE /* socket.cpp */,
			);
			path = net;
			sourceTree = "<group>";
		};
		9051F6B818F9A51F00425EEE /* include */ = {
			isa = PBXGroup;
			children = (
				9039914218F9C12800449191 /* events */,
				9039913A18F9B4E400449191 /* http */,
				9039913D18F9B4E400449191 /* net */,
				9039914018F9B4E400449191 /* node.h */,
			);
			path = include;
			sourceTree = "<group>";
		};
		90635C2D18F9B14100483985 /* Products */ = {
			isa = PBXGroup;
			children = (
				90635C2C18F9A98100483985 /* libnodecc */,
			);
			name = Products;
			path = src;
			sourceTree = "<group>";
		};
/* End PBXGroup section */

/* Begin PBXNativeTarget section */
		900E63B118F9A4D90008424E /* libnodecc */ = {
			isa = PBXNativeTarget;
			buildConfigurationList = 900E63BB18F9A4D90008424E /* Build configuration list for PBXNativeTarget "libnodecc" */;
			buildPhases = (
				900E63AE18F9A4D90008424E /* Sources */,
				900E63AF18F9A4D90008424E /* Frameworks */,
				900E63B018F9A4D90008424E /* CopyFiles */,
			);
			buildRules = (
			);
			dependencies = (
			);
			name = "libnodecc";
			productName = "libnodecc";
			productReference = 90635C2C18F9A98100483985 /* libnodecc */;
			productType = "com.apple.product-type.tool";
		};
/* End PBXNativeTarget section */

/* Begin PBXProject section */
		900E63AA18F9A4D90008424E /* Project object */ = {
			isa = PBXProject;
			attributes = {
				LastUpgradeCheck = 0510;
				ORGANIZATIONNAME = lhecker;
			};
			buildConfigurationList = 900E63AD18F9A4D90008424E /* Build configuration list for PBXProject "libnodecc" */;
			compatibilityVersion = "Xcode 3.2";
			developmentRegion = English;
			hasScannedForEncodings = 0;
			knownRegions = (
				en,
			);
			mainGroup = 900E63A918F9A4D90008424E;
			productRefGroup = 900E63A918F9A4D90008424E;
			projectDirPath = "";
			projectRoot = "";
			targets = (
				900E63B118F9A4D90008424E /* libnodecc */,
			);
		};
/* End PBXProject section */

/* Begin PBXSourcesBuildPhase section */
		900E63AE18F9A4D90008424E /* Sources */ = {
			isa = PBXSourcesBuildPhase;
			buildActionMask = 2147483647;
			files = (
				9051F6BE18F9A5BB00425EEE /* server.cpp in Sources */,
				9051F6BB18F9A5A400425EEE /* socket.cpp in Sources */,
				9051F6BF18F9A5BB00425EEE /* main.cpp in Sources */,
				9051F6BD18F9A5BB00425EEE /* incoming_message.cpp in Sources */,
				9051F6BC18F9A5BB00425EEE /* http_parser.c in Sources */,
				9051F6BA18F9A5A200425EEE /* server.cpp in Sources */,
			);
			runOnlyForDeploymentPostprocessing = 0;
		};
/* End PBXSourcesBuildPhase section */

/* Begin XCBuildConfiguration section */
		900E63B918F9A4D90008424E /* Debug */ = {
			isa = XCBuildConfiguration;
			buildSettings = {
				ALWAYS_SEARCH_USER_PATHS = NO;
				CLANG_CXX_LANGUAGE_STANDARD = "gnu++0x";
				CLANG_CXX_LIBRARY = "libc++";
				CLANG_ENABLE_MODULES = YES;
				CLANG_ENABLE_OBJC_ARC = YES;
				CLANG_WARN_BOOL_CONVERSION = YES;
				CLANG_WARN_CONSTANT_CONVERSION = YES;
				CLANG_WARN_DIRECT_OBJC_ISA_USAGE = YES_ERROR;
				CLANG_WARN_EMPTY_BODY = YES;
				CLANG_WARN_ENUM_CONVERSION = YES;
				CLANG_WARN_INT_CONVERSION = YES;
				CLANG_WARN_OBJC_ROOT_CLASS = YES_ERROR;
				CLANG_WARN__DUPLICATE_METHOD_MATCH = YES;
				COPY_PHASE_STRIP = NO;
				GCC_C_LANGUAGE_STANDARD = gnu99;
				GCC_DYNAMIC_NO_PIC = NO;
				GCC_ENABLE_OBJC_EXCEPTIONS = YES;
				GCC_OPTIMIZATION_LEVEL = 0;
				GCC_PREPROCESSOR_DEFINITIONS = (
					"DEBUG=1",
					"$(inherited)",
				);
				GCC_SYMBOLS_PRIVATE_EXTERN = NO;
				GCC_WARN_64_TO_32_BIT_CONVERSION = YES;
				GCC_WARN_ABOUT_RETURN_TYPE = YES_ERROR;
				GCC_WARN_UNDECLARED_SELECTOR = YES;
				GCC_WARN_UNINITIALIZED_AUTOS = YES_AGGRESSIVE;
				GCC_WARN_UNUSED_FUNCTION = YES;
				GCC_WARN_UNUSED_VARIABLE = YES;
				MACOSX_DEPLOYMENT_TARGET = 10.9;
				ONLY_ACTIVE_ARCH = YES;
				SDKROOT = macosx;
			};
			name = Debug;
		};
		900E63BA18F9A4D90008424E /* Release */ = {
			isa = XCBuildConfiguration;
			buildSettings = {
				ALWAYS_SEARCH_USER_PATHS = NO;
				CLANG_CXX_LANGUAGE_STANDARD = "gnu++0x";
				CLANG_CXX_LIBRARY = "libc++";
				CLANG_ENABLE_MODULES = YES;
				CLANG_ENABLE_OBJC_ARC = YES;
				CLANG_WARN_BOOL_CONVERSION = YES;
				CLANG_WARN_CONSTANT_CONVERSION = YES;
				CLANG_WARN_DIRECT_OBJC_ISA_USAGE = YES_ERROR;
				CLANG_WARN_EMPTY_BODY = YES;
				CLANG_WARN_ENUM_CONVERSION = YES;
				CLANG_WARN_INT_CONVERSION = YES;
				CLANG_WARN_OBJC_ROOT_CLASS = YES_ERROR;
				CLANG_WARN__DUPLICATE_METHOD_MATCH = YES;
				COPY_PHASE_STRIP = YES;
				DEBUG_INFORMATION_FORMAT = "dwarf-with-dsym";
				ENABLE_NS_ASSERTIONS = NO;
				GCC_C_LANGUAGE_STANDARD = gnu99;
				GCC_ENABLE_OBJC_EXCEPTIONS = YES;
				GCC_WARN_64_TO_32_BIT_CONVERSION = YES;
				GCC_WARN_ABOUT_RETURN_TYPE = YES_ERROR;
				GCC_WARN_UNDECLARED_SELECTOR = YES;
				GCC_WARN_UNINITIALIZED_AUTOS = YES_AGGRESSIVE;
				GCC_WARN_UNUSED_FUNCTION = YES;
				GCC_WARN_UNUSED_VARIABLE = YES;
				MACOSX_DEPLOYMENT_TARGET = 10.9;
				SDKROOT = macosx;
			};
			name = Release;
		};
		900E63BC18F9A4D90008424E /* Debug */ = {
			isa = XCBuildConfiguration;
			buildSettings = {
				CLANG_CXX_LANGUAGE_STANDARD = "c++0x";
				HEADER_SEARCH_PATHS = (
					"$(inherited)",
					/Applications/Xcode.app/Contents/Developer/Toolchains/XcodeDefault.xctoolchain/usr/include,
					/usr/local/include,
					"$(SRCROOT)/include",
				);
				LIBRARY_SEARCH_PATHS = /usr/local/lib;
				OTHER_LDFLAGS = "-luv";
				PRODUCT_NAME = "$(TARGET_NAME)";
			};
			name = Debug;
		};
		900E63BD18F9A4D90008424E /* Release */ = {
			isa = XCBuildConfiguration;
			buildSettings = {
				CLANG_CXX_LANGUAGE_STANDARD = "c++0x";
				HEADER_SEARCH_PATHS = (
					"$(inherited)",
					/Applications/Xcode.app/Contents/Developer/Toolchains/XcodeDefault.xctoolchain/usr/include,
					/usr/local/include,
					"$(SRCROOT)/include",
				);
				LIBRARY_SEARCH_PATHS = /usr/local/lib;
				OTHER_LDFLAGS = "-luv";
				PRODUCT_NAME = "$(TARGET_NAME)";
			};
			name = Release;
		};
/* End XCBuildConfiguration section */

/* Begin XCConfigurationList section */
		900E63AD18F9A4D90008424E /* Build configuration list for PBXProject "libnodecc" */ = {
			isa = XCConfigurationList;
			buildConfigurations = (
				900E63B918F9A4D90008424E /* Debug */,
				900E63BA18F9A4D90008424E /* Release */,
			);
			defaultConfigurationIsVisible = 0;
			defaultConfigurationName = Release;
		};
		900E63BB18F9A4D90008424E /* Build configuration list for PBXNativeTarget "libnodecc" */ = {
			isa = XCConfigurationList;
			buildConfigurations = (
				900E63BC18F9A4D90008424E /* Debug */,
				900E63BD18F9A4D90008424E /* Release */,
			);
			defaultConfigurationIsVisible = 0;
			defaultConfigurationName = Release;
		};
/* End XCConfigurationList section */
	};
	rootObject = 900E63AA18F9A4D90008424E /* Project object */;
}
